// !$*UTF8*$!
{
	archiveVersion = 1;
	classes = {
	};
	objectVersion = 56;
	objects = {

/* Begin PBXBuildFile section */
		8A28136A2A059CC1005D5855 /* SettingView.swift in Sources */ = {isa = PBXBuildFile; fileRef = 8A2813692A059CC1005D5855 /* SettingView.swift */; };
		8A76A8A42A05A16A00BA0A30 /* GeneralSettingsView.swift in Sources */ = {isa = PBXBuildFile; fileRef = 8A76A8A32A05A16A00BA0A30 /* GeneralSettingsView.swift */; };
		8A76A8A62A05A1A000BA0A30 /* SearchEnginesSettingsView.swift in Sources */ = {isa = PBXBuildFile; fileRef = 8A76A8A52A05A1A000BA0A30 /* SearchEnginesSettingsView.swift */; };
		8AAFB3182A041FA4005FB4A9 /* SearcherApp.swift in Sources */ = {isa = PBXBuildFile; fileRef = 8AAFB3172A041FA4005FB4A9 /* SearcherApp.swift */; };
		8AAFB31A2A041FA4005FB4A9 /* ContentView.swift in Sources */ = {isa = PBXBuildFile; fileRef = 8AAFB3192A041FA4005FB4A9 /* ContentView.swift */; };
		8AAFB31C2A041FA5005FB4A9 /* Assets.xcassets in Resources */ = {isa = PBXBuildFile; fileRef = 8AAFB31B2A041FA5005FB4A9 /* Assets.xcassets */; };
		8AAFB31F2A041FA5005FB4A9 /* Preview Assets.xcassets in Resources */ = {isa = PBXBuildFile; fileRef = 8AAFB31E2A041FA5005FB4A9 /* Preview Assets.xcassets */; };
/* End PBXBuildFile section */

/* Begin PBXFileReference section */
		8A2813692A059CC1005D5855 /* SettingView.swift */ = {isa = PBXFileReference; lastKnownFileType = sourcecode.swift; path = SettingView.swift; sourceTree = "<group>"; };
		8A76A8A32A05A16A00BA0A30 /* GeneralSettingsView.swift */ = {isa = PBXFileReference; lastKnownFileType = sourcecode.swift; path = GeneralSettingsView.swift; sourceTree = "<group>"; };
		8A76A8A52A05A1A000BA0A30 /* SearchEnginesSettingsView.swift */ = {isa = PBXFileReference; lastKnownFileType = sourcecode.swift; path = SearchEnginesSettingsView.swift; sourceTree = "<group>"; };
		8AAFB3142A041FA4005FB4A9 /* Searcher.app */ = {isa = PBXFileReference; explicitFileType = wrapper.application; includeInIndex = 0; path = Searcher.app; sourceTree = BUILT_PRODUCTS_DIR; };
		8AAFB3172A041FA4005FB4A9 /* SearcherApp.swift */ = {isa = PBXFileReference; lastKnownFileType = sourcecode.swift; path = SearcherApp.swift; sourceTree = "<group>"; };
		8AAFB3192A041FA4005FB4A9 /* ContentView.swift */ = {isa = PBXFileReference; lastKnownFileType = sourcecode.swift; path = ContentView.swift; sourceTree = "<group>"; };
		8AAFB31B2A041FA5005FB4A9 /* Assets.xcassets */ = {isa = PBXFileReference; lastKnownFileType = folder.assetcatalog; path = Assets.xcassets; sourceTree = "<group>"; };
		8AAFB31E2A041FA5005FB4A9 /* Preview Assets.xcassets */ = {isa = PBXFileReference; lastKnownFileType = folder.assetcatalog; path = "Preview Assets.xcassets"; sourceTree = "<group>"; };
		8AAFB3202A041FA5005FB4A9 /* Searcher.entitlements */ = {isa = PBXFileReference; lastKnownFileType = text.plist.entitlements; path = Searcher.entitlements; sourceTree = "<group>"; };
/* End PBXFileReference section */

/* Begin PBXFrameworksBuildPhase section */
		8AAFB3112A041FA4005FB4A9 /* Frameworks */ = {
			isa = PBXFrameworksBuildPhase;
			buildActionMask = 2147483647;
			files = (
			);
			runOnlyForDeploymentPostprocessing = 0;
		};
/* End PBXFrameworksBuildPhase section */

/* Begin PBXGroup section */
		8A2813672A059C91005D5855 /* Views */ = {
			isa = PBXGroup;
			children = (
				8A76A8A22A05A15000BA0A30 /* Subviews */,
				8A2813692A059CC1005D5855 /* SettingView.swift */,
			);
			path = Views;
			sourceTree = "<group>";
		};
		8A2813682A059C9A005D5855 /* Drafts */ = {
			isa = PBXGroup;
			children = (
				8AAFB3192A041FA4005FB4A9 /* ContentView.swift */,
			);
			path = Drafts;
			sourceTree = "<group>";
		};
		8A76A8A22A05A15000BA0A30 /* Subviews */ = {
			isa = PBXGroup;
			children = (
				8A76A8A32A05A16A00BA0A30 /* GeneralSettingsView.swift */,
				8A76A8A52A05A1A000BA0A30 /* SearchEnginesSettingsView.swift */,
			);
			path = Subviews;
			sourceTree = "<group>";
		};
		8AAFB30B2A041FA4005FB4A9 = {
			isa = PBXGroup;
			children = (
				8AAFB3162A041FA4005FB4A9 /* Searcher */,
				8AAFB3152A041FA4005FB4A9 /* Products */,
			);
			sourceTree = "<group>";
		};
		8AAFB3152A041FA4005FB4A9 /* Products */ = {
			isa = PBXGroup;
			children = (
				8AAFB3142A041FA4005FB4A9 /* Searcher.app */,
			);
			name = Products;
			sourceTree = "<group>";
		};
		8AAFB3162A041FA4005FB4A9 /* Searcher */ = {
			isa = PBXGroup;
			children = (
				8A2813682A059C9A005D5855 /* Drafts */,
				8A2813672A059C91005D5855 /* Views */,
				8AAFB3172A041FA4005FB4A9 /* SearcherApp.swift */,
				8AAFB31B2A041FA5005FB4A9 /* Assets.xcassets */,
				8AAFB3202A041FA5005FB4A9 /* Searcher.entitlements */,
				8AAFB31D2A041FA5005FB4A9 /* Preview Content */,
			);
			path = Searcher;
			sourceTree = "<group>";
		};
		8AAFB31D2A041FA5005FB4A9 /* Preview Content */ = {
			isa = PBXGroup;
			children = (
				8AAFB31E2A041FA5005FB4A9 /* Preview Assets.xcassets */,
			);
			path = "Preview Content";
			sourceTree = "<group>";
		};
/* End PBXGroup section */

/* Begin PBXNativeTarget section */
		8AAFB3132A041FA4005FB4A9 /* Searcher */ = {
			isa = PBXNativeTarget;
			buildConfigurationList = 8AAFB3232A041FA5005FB4A9 /* Build configuration list for PBXNativeTarget "Searcher" */;
			buildPhases = (
				8AAFB3102A041FA4005FB4A9 /* Sources */,
				8AAFB3112A041FA4005FB4A9 /* Frameworks */,
				8AAFB3122A041FA4005FB4A9 /* Resources */,
			);
			buildRules = (
			);
			dependencies = (
			);
			name = Searcher;
			productName = Searcher;
			productReference = 8AAFB3142A041FA4005FB4A9 /* Searcher.app */;
			productType = "com.apple.product-type.application";
		};
/* End PBXNativeTarget section */

/* Begin PBXProject section */
		8AAFB30C2A041FA4005FB4A9 /* Project object */ = {
			isa = PBXProject;
			attributes = {
				BuildIndependentTargetsInParallel = 1;
				LastSwiftUpdateCheck = 1430;
				LastUpgradeCheck = 1430;
				TargetAttributes = {
					8AAFB3132A041FA4005FB4A9 = {
						CreatedOnToolsVersion = 14.3;
					};
				};
			};
			buildConfigurationList = 8AAFB30F2A041FA4005FB4A9 /* Build configuration list for PBXProject "Searcher" */;
			compatibilityVersion = "Xcode 14.0";
			developmentRegion = en;
			hasScannedForEncodings = 0;
			knownRegions = (
				en,
				Base,
			);
			mainGroup = 8AAFB30B2A041FA4005FB4A9;
			productRefGroup = 8AAFB3152A041FA4005FB4A9 /* Products */;
			projectDirPath = "";
			projectRoot = "";
			targets = (
				8AAFB3132A041FA4005FB4A9 /* Searcher */,
			);
		};
/* End PBXProject section */

/* Begin PBXResourcesBuildPhase section */
		8AAFB3122A041FA4005FB4A9 /* Resources */ = {
			isa = PBXResourcesBuildPhase;
			buildActionMask = 2147483647;
			files = (
				8AAFB31F2A041FA5005FB4A9 /* Preview Assets.xcassets in Resources */,
				8AAFB31C2A041FA5005FB4A9 /* Assets.xcassets in Resources */,
			);
			runOnlyForDeploymentPostprocessing = 0;
		};
/* End PBXResourcesBuildPhase section */

/* Begin PBXSourcesBuildPhase section */
		8AAFB3102A041FA4005FB4A9 /* Sources */ = {
			isa = PBXSourcesBuildPhase;
			buildActionMask = 2147483647;
			files = (
				8A28136A2A059CC1005D5855 /* SettingView.swift in Sources */,
				8A76A8A62A05A1A000BA0A30 /* SearchEnginesSettingsView.swift in Sources */,
				8AAFB31A2A041FA4005FB4A9 /* ContentView.swift in Sources */,
				8A76A8A42A05A16A00BA0A30 /* GeneralSettingsView.swift in Sources */,
				8AAFB3182A041FA4005FB4A9 /* SearcherApp.swift in Sources */,
			);
			runOnlyForDeploymentPostprocessing = 0;
		};
/* End PBXSourcesBuildPhase section */

/* Begin XCBuildConfiguration section */
		8AAFB3212A041FA5005FB4A9 /* Debug */ = {
			isa = XCBuildConfiguration;
			buildSettings = {
				ALWAYS_SEARCH_USER_PATHS = NO;
				CLANG_ANALYZER_NONNULL = YES;
				CLANG_ANALYZER_NUMBER_OBJECT_CONVERSION = YES_AGGRESSIVE;
				CLANG_CXX_LANGUAGE_STANDARD = "gnu++20";
				CLANG_ENABLE_MODULES = YES;
				CLANG_ENABLE_OBJC_ARC = YES;
				CLANG_ENABLE_OBJC_WEAK = YES;
				CLANG_WARN_BLOCK_CAPTURE_AUTORELEASING = YES;
				CLANG_WARN_BOOL_CONVERSION = YES;
				CLANG_WARN_COMMA = YES;
				CLANG_WARN_CONSTANT_CONVERSION = YES;
				CLANG_WARN_DEPRECATED_OBJC_IMPLEMENTATIONS = YES;
				CLANG_WARN_DIRECT_OBJC_ISA_USAGE = YES_ERROR;
				CLANG_WARN_DOCUMENTATION_COMMENTS = YES;
				CLANG_WARN_EMPTY_BODY = YES;
				CLANG_WARN_ENUM_CONVERSION = YES;
				CLANG_WARN_INFINITE_RECURSION = YES;
				CLANG_WARN_INT_CONVERSION = YES;
				CLANG_WARN_NON_LITERAL_NULL_CONVERSION = YES;
				CLANG_WARN_OBJC_IMPLICIT_RETAIN_SELF = YES;
				CLANG_WARN_OBJC_LITERAL_CONVERSION = YES;
				CLANG_WARN_OBJC_ROOT_CLASS = YES_ERROR;
				CLANG_WARN_QUOTED_INCLUDE_IN_FRAMEWORK_HEADER = YES;
				CLANG_WARN_RANGE_LOOP_ANALYSIS = YES;
				CLANG_WARN_STRICT_PROTOTYPES = YES;
				CLANG_WARN_SUSPICIOUS_MOVE = YES;
				CLANG_WARN_UNGUARDED_AVAILABILITY = YES_AGGRESSIVE;
				CLANG_WARN_UNREACHABLE_CODE = YES;
				CLANG_WARN__DUPLICATE_METHOD_MATCH = YES;
				COPY_PHASE_STRIP = NO;
				DEBUG_INFORMATION_FORMAT = dwarf;
				ENABLE_STRICT_OBJC_MSGSEND = YES;
				ENABLE_TESTABILITY = YES;
				GCC_C_LANGUAGE_STANDARD = gnu11;
				GCC_DYNAMIC_NO_PIC = NO;
				GCC_NO_COMMON_BLOCKS = YES;
				GCC_OPTIMIZATION_LEVEL = 0;
				GCC_PREPROCESSOR_DEFINITIONS = (
					"DEBUG=1",
					"$(inherited)",
				);
				GCC_WARN_64_TO_32_BIT_CONVERSION = YES;
				GCC_WARN_ABOUT_RETURN_TYPE = YES_ERROR;
				GCC_WARN_UNDECLARED_SELECTOR = YES;
				GCC_WARN_UNINITIALIZED_AUTOS = YES_AGGRESSIVE;
				GCC_WARN_UNUSED_FUNCTION = YES;
				GCC_WARN_UNUSED_VARIABLE = YES;
				MACOSX_DEPLOYMENT_TARGET = 13.3;
				MTL_ENABLE_DEBUG_INFO = INCLUDE_SOURCE;
				MTL_FAST_MATH = YES;
				ONLY_ACTIVE_ARCH = YES;
				SDKROOT = macosx;
				SWIFT_ACTIVE_COMPILATION_CONDITIONS = DEBUG;
				SWIFT_OPTIMIZATION_LEVEL = "-Onone";
			};
			name = Debug;
		};
		8AAFB3222A041FA5005FB4A9 /* Release */ = {
			isa = XCBuildConfiguration;
			buildSettings = {
				ALWAYS_SEARCH_USER_PATHS = NO;
				CLANG_ANALYZER_NONNULL = YES;
				CLANG_ANALYZER_NUMBER_OBJECT_CONVERSION = YES_AGGRESSIVE;
				CLANG_CXX_LANGUAGE_STANDARD = "gnu++20";
				CLANG_ENABLE_MODULES = YES;
				CLANG_ENABLE_OBJC_ARC = YES;
				CLANG_ENABLE_OBJC_WEAK = YES;
				CLANG_WARN_BLOCK_CAPTURE_AUTORELEASING = YES;
				CLANG_WARN_BOOL_CONVERSION = YES;
				CLANG_WARN_COMMA = YES;
				CLANG_WARN_CONSTANT_CONVERSION = YES;
				CLANG_WARN_DEPRECATED_OBJC_IMPLEMENTATIONS = YES;
				CLANG_WARN_DIRECT_OBJC_ISA_USAGE = YES_ERROR;
				CLANG_WARN_DOCUMENTATION_COMMENTS = YES;
				CLANG_WARN_EMPTY_BODY = YES;
				CLANG_WARN_ENUM_CONVERSION = YES;
				CLANG_WARN_INFINITE_RECURSION = YES;
				CLANG_WARN_INT_CONVERSION = YES;
				CLANG_WARN_NON_LITERAL_NULL_CONVERSION = YES;
				CLANG_WARN_OBJC_IMPLICIT_RETAIN_SELF = YES;
				CLANG_WARN_OBJC_LITERAL_CONVERSION = YES;
				CLANG_WARN_OBJC_ROOT_CLASS = YES_ERROR;
				CLANG_WARN_QUOTED_INCLUDE_IN_FRAMEWORK_HEADER = YES;
				CLANG_WARN_RANGE_LOOP_ANALYSIS = YES;
				CLANG_WARN_STRICT_PROTOTYPES = YES;
				CLANG_WARN_SUSPICIOUS_MOVE = YES;
				CLANG_WARN_UNGUARDED_AVAILABILITY = YES_AGGRESSIVE;
				CLANG_WARN_UNREACHABLE_CODE = YES;
				CLANG_WARN__DUPLICATE_METHOD_MATCH = YES;
				COPY_PHASE_STRIP = NO;
				DEBUG_INFORMATION_FORMAT = "dwarf-with-dsym";
				ENABLE_NS_ASSERTIONS = NO;
				ENABLE_STRICT_OBJC_MSGSEND = YES;
				GCC_C_LANGUAGE_STANDARD = gnu11;
				GCC_NO_COMMON_BLOCKS = YES;
				GCC_WARN_64_TO_32_BIT_CONVERSION = YES;
				GCC_WARN_ABOUT_RETURN_TYPE = YES_ERROR;
				GCC_WARN_UNDECLARED_SELECTOR = YES;
				GCC_WARN_UNINITIALIZED_AUTOS = YES_AGGRESSIVE;
				GCC_WARN_UNUSED_FUNCTION = YES;
				GCC_WARN_UNUSED_VARIABLE = YES;
				MACOSX_DEPLOYMENT_TARGET = 13.3;
				MTL_ENABLE_DEBUG_INFO = NO;
				MTL_FAST_MATH = YES;
				SDKROOT = macosx;
				SWIFT_COMPILATION_MODE = wholemodule;
				SWIFT_OPTIMIZATION_LEVEL = "-O";
			};
			name = Release;
		};
		8AAFB3242A041FA5005FB4A9 /* Debug */ = {
			isa = XCBuildConfiguration;
			buildSettings = {
				ASSETCATALOG_COMPILER_APPICON_NAME = AppIcon;
				ASSETCATALOG_COMPILER_GLOBAL_ACCENT_COLOR_NAME = AccentColor;
				CODE_SIGN_ENTITLEMENTS = Searcher/Searcher.entitlements;
				CODE_SIGN_STYLE = Automatic;
				COMBINE_HIDPI_IMAGES = YES;
				CURRENT_PROJECT_VERSION = 1;
				DEVELOPMENT_ASSET_PATHS = "\"Searcher/Preview Content\"";
				DEVELOPMENT_TEAM = 7AFK5HJF3T;
				ENABLE_HARDENED_RUNTIME = YES;
				ENABLE_PREVIEWS = YES;
				GENERATE_INFOPLIST_FILE = YES;
				INFOPLIST_KEY_LSUIElement = YES;
				INFOPLIST_KEY_NSHumanReadableCopyright = "";
				LD_RUNPATH_SEARCH_PATHS = (
					"$(inherited)",
					"@executable_path/../Frameworks",
				);
				MARKETING_VERSION = 1.0;
				PRODUCT_BUNDLE_IDENTIFIER = company.alexey.mac.Searcher;
				PRODUCT_NAME = "$(TARGET_NAME)";
				SWIFT_EMIT_LOC_STRINGS = YES;
				SWIFT_VERSION = 5.0;
			};
			name = Debug;
		};
		8AAFB3252A041FA5005FB4A9 /* Release */ = {
			isa = XCBuildConfiguration;
			buildSettings = {
				ASSETCATALOG_COMPILER_APPICON_NAME = AppIcon;
				ASSETCATALOG_COMPILER_GLOBAL_ACCENT_COLOR_NAME = AccentColor;
				CODE_SIGN_ENTITLEMENTS = Searcher/Searcher.entitlements;
				CODE_SIGN_STYLE = Automatic;
				COMBINE_HIDPI_IMAGES = YES;
				CURRENT_PROJECT_VERSION = 1;
				DEVELOPMENT_ASSET_PATHS = "\"Searcher/Preview Content\"";
				DEVELOPMENT_TEAM = 7AFK5HJF3T;
				ENABLE_HARDENED_RUNTIME = YES;
				ENABLE_PREVIEWS = YES;
				GENERATE_INFOPLIST_FILE = YES;
				INFOPLIST_KEY_LSUIElement = YES;
				INFOPLIST_KEY_NSHumanReadableCopyright = "";
				LD_RUNPATH_SEARCH_PATHS = (
					"$(inherited)",
					"@executable_path/../Frameworks",
				);
				MARKETING_VERSION = 1.0;
				PRODUCT_BUNDLE_IDENTIFIER = company.alexey.mac.Searcher;
				PRODUCT_NAME = "$(TARGET_NAME)";
				SWIFT_EMIT_LOC_STRINGS = YES;
				SWIFT_VERSION = 5.0;
			};
			name = Release;
		};
/* End XCBuildConfiguration section */

/* Begin XCConfigurationList section */
		8AAFB30F2A041FA4005FB4A9 /* Build configuration list for PBXProject "Searcher" */ = {
			isa = XCConfigurationList;
			buildConfigurations = (
				8AAFB3212A041FA5005FB4A9 /* Debug */,
				8AAFB3222A041FA5005FB4A9 /* Release */,
			);
			defaultConfigurationIsVisible = 0;
			defaultConfigurationName = Release;
		};
		8AAFB3232A041FA5005FB4A9 /* Build configuration list for PBXNativeTarget "Searcher" */ = {
			isa = XCConfigurationList;
			buildConfigurations = (
				8AAFB3242A041FA5005FB4A9 /* Debug */,
				8AAFB3252A041FA5005FB4A9 /* Release */,
			);
			defaultConfigurationIsVisible = 0;
			defaultConfigurationName = Release;
		};
/* End XCConfigurationList section */
	};
	rootObject = 8AAFB30C2A041FA4005FB4A9 /* Project object */;
}
